
Microsoft Visual Studio Solution File, Format Version 12.00
# Visual Studio 15
VisualStudioVersion = 15.0.28307.960
MinimumVisualStudioVersion = 10.0.40219.1
Project("{FAE04EC0-301F-11D3-BF4B-00C04F79EFBC}") = "Widgets", "Widgets\Widgets.csproj", "{CA514874-204F-4203-A304-F08A64D22687}"
EndProject
Global
	GlobalSection(SolutionConfigurationPlatforms) = preSolution
		Debug|Any CPU = Debug|Any CPU
		Release|Any CPU = Release|Any CPU
	EndGlobalSection
	GlobalSection(ProjectConfigurationPlatforms) = postSolution
		{CA514874-204F-4203-A304-F08A64D22687}.Debug|Any CPU.ActiveCfg = Debug|Any CPU
		{CA514874-204F-4203-A304-F08A64D22687}.Debug|Any CPU.Build.0 = Debug|Any CPU
		{CA514874-204F-4203-A304-F08A64D22687}.Release|Any CPU.ActiveCfg = Release|Any CPU
		{CA514874-204F-4203-A304-F08A64D22687}.Release|Any CPU.Build.0 = Release|Any CPU
	EndGlobalSection
	GlobalSection(SolutionProperties) = preSolution
		HideSolutionNode = FALSE
	EndGlobalSection
	GlobalSection(ExtensibilityGlobals) = postSolution
		SolutionGuid = {247A57C3-4A8D-43C3-A78D-280751F28B3F}
	EndGlobalSection
EndGlobal
